
Microsoft Visual Studio Solution File, Format Version 12.00
# Visual Studio Version 17
VisualStudioVersion = 17.0.32112.339
MinimumVisualStudioVersion = 10.0.40219.1
Project("{FAE04EC0-301F-11D3-BF4B-00C04F79EFBC}") = "Working_Class_Demo", "Working_Class_Demo\Working_Class_Demo.csproj", "{0F78416F-414F-48E5-85C9-2B6C031ADA7B}"
EndProject
Project("{FAE04EC0-301F-11D3-BF4B-00C04F79EFBC}") = "Working_Class_Demo_Test", "Working_Class_Demo_Test\Working_Class_Demo_Test.csproj", "{4F9AAFF0-732A-4E11-9F17-A4EE4FAC51D2}"
EndProject
Global
	GlobalSection(SolutionConfigurationPlatforms) = preSolution
		Debug|Any CPU = Debug|Any CPU
		Release|Any CPU = Release|Any CPU
	EndGlobalSection
	GlobalSection(ProjectConfigurationPlatforms) = postSolution
		{0F78416F-414F-48E5-85C9-2B6C031ADA7B}.Debug|Any CPU.ActiveCfg = Debug|Any CPU
		{0F78416F-414F-48E5-85C9-2B6C031ADA7B}.Debug|Any CPU.Build.0 = Debug|Any CPU
		{0F78416F-414F-48E5-85C9-2B6C031ADA7B}.Release|Any CPU.ActiveCfg = Release|Any CPU
		{0F78416F-414F-48E5-85C9-2B6C031ADA7B}.Release|Any CPU.Build.0 = Release|Any CPU
		{4F9AAFF0-732A-4E11-9F17-A4EE4FAC51D2}.Debug|Any CPU.ActiveCfg = Debug|Any CPU
		{4F9AAFF0-732A-4E11-9F17-A4EE4FAC51D2}.Debug|Any CPU.Build.0 = Debug|Any CPU
		{4F9AAFF0-732A-4E11-9F17-A4EE4FAC51D2}.Release|Any CPU.ActiveCfg = Release|Any CPU
		{4F9AAFF0-732A-4E11-9F17-A4EE4FAC51D2}.Release|Any CPU.Build.0 = Release|Any CPU
	EndGlobalSection
	GlobalSection(SolutionProperties) = preSolution
		HideSolutionNode = FALSE
	EndGlobalSection
	GlobalSection(ExtensibilityGlobals) = postSolution
		SolutionGuid = {46C4C3A3-62B6-49F5-A673-A1BE2C3E6ACA}
	EndGlobalSection
EndGlobal
